
Microsoft Visual Studio Solution File, Format Version 12.00
# Visual Studio 15
VisualStudioVersion = 15.0.27703.2035
MinimumVisualStudioVersion = 10.0.40219.1
Project("{9A19103F-16F7-4668-BE54-9A1E7A4F7556}") = "ConsoleTest", "ConsoleTest\ConsoleTest.csproj", "{82F908F6-24FD-49B1-AB58-3320100CF6FA}"
EndProject
Project("{9A19103F-16F7-4668-BE54-9A1E7A4F7556}") = "Test1", "ConsoleApp1\Test1.csproj", "{B7091375-7B18-4AC8-AFE1-82CEF231F9BE}"
EndProject
Project("{9A19103F-16F7-4668-BE54-9A1E7A4F7556}") = "WebAppTest", "WebAppTest\WebAppTest.csproj", "{47D51470-DE11-48EF-87D3-C7D4F934906B}"
EndProject
Global
	GlobalSection(SolutionConfigurationPlatforms) = preSolution
		Debug|Any CPU = Debug|Any CPU
		Release|Any CPU = Release|Any CPU
	EndGlobalSection
	GlobalSection(ProjectConfigurationPlatforms) = postSolution
		{82F908F6-24FD-49B1-AB58-3320100CF6FA}.Debug|Any CPU.ActiveCfg = Debug|Any CPU
		{82F908F6-24FD-49B1-AB58-3320100CF6FA}.Debug|Any CPU.Build.0 = Debug|Any CPU
		{82F908F6-24FD-49B1-AB58-3320100CF6FA}.Release|Any CPU.ActiveCfg = Release|Any CPU
		{82F908F6-24FD-49B1-AB58-3320100CF6FA}.Release|Any CPU.Build.0 = Release|Any CPU
		{B7091375-7B18-4AC8-AFE1-82CEF231F9BE}.Debug|Any CPU.ActiveCfg = Debug|Any CPU
		{B7091375-7B18-4AC8-AFE1-82CEF231F9BE}.Debug|Any CPU.Build.0 = Debug|Any CPU
		{B7091375-7B18-4AC8-AFE1-82CEF231F9BE}.Release|Any CPU.ActiveCfg = Release|Any CPU
		{B7091375-7B18-4AC8-AFE1-82CEF231F9BE}.Release|Any CPU.Build.0 = Release|Any CPU
		{47D51470-DE11-48EF-87D3-C7D4F934906B}.Debug|Any CPU.ActiveCfg = Debug|Any CPU
		{47D51470-DE11-48EF-87D3-C7D4F934906B}.Debug|Any CPU.Build.0 = Debug|Any CPU
		{47D51470-DE11-48EF-87D3-C7D4F934906B}.Release|Any CPU.ActiveCfg = Release|Any CPU
		{47D51470-DE11-48EF-87D3-C7D4F934906B}.Release|Any CPU.Build.0 = Release|Any CPU
	EndGlobalSection
	GlobalSection(SolutionProperties) = preSolution
		HideSolutionNode = FALSE
	EndGlobalSection
	GlobalSection(ExtensibilityGlobals) = postSolution
		SolutionGuid = {BD8DB8AA-61EC-41E0-A381-FC6E489790FD}
	EndGlobalSection
EndGlobal
